PODS:
  - database (1.0)
  - integrations (1.0)
  - models (1.0)
  - shared (1.0)

DEPENDENCIES:
  - database (from `../database`)
  - integrations (from `../integrations`)
  - models (from `../models`)
  - shared (from `../shared`)

EXTERNAL SOURCES:
  database:
    :path: "../database"
  integrations:
    :path: "../integrations"
  models:
    :path: "../models"
  shared:
    :path: "../shared"

SPEC CHECKSUMS:
  database: 4486610a37d040b99d1d0c5715fb1214ecbf4a71
  integrations: ea2cbcb2de105f158a005622f4683de1988c8460
  models: c95499ecb96d221cb41bab90dc9f46fc9c93f140
  shared: c7766b0e80e6880534394295cdece7eb6b44892c

PODFILE CHECKSUM: 3b0846c469916979e6b7c54bbe0b074caa2d78ad

COCOAPODS: 1.13.0
